
Microsoft Visual Studio Solution File, Format Version 12.00
# Visual Studio 15
VisualStudioVersion = 15.0.26430.13
MinimumVisualStudioVersion = 10.0.40219.1
Project("{8BC9CEB8-8B4A-11D0-8D11-00A0C91BC942}") = "446. Arithmetic Slices II - Subsequence", "446. Arithmetic Slices II - Subsequence\446. Arithmetic Slices II - Subsequence.vcxproj", "{7EF66BFF-3DB6-4E9F-A07B-8C7A86B0902D}"
EndProject
Global
	GlobalSection(SolutionConfigurationPlatforms) = preSolution
		Debug|x64 = Debug|x64
		Debug|x86 = Debug|x86
		Release|x64 = Release|x64
		Release|x86 = Release|x86
	EndGlobalSection
	GlobalSection(ProjectConfigurationPlatforms) = postSolution
		{7EF66BFF-3DB6-4E9F-A07B-8C7A86B0902D}.Debug|x64.ActiveCfg = Debug|x64
		{7EF66BFF-3DB6-4E9F-A07B-8C7A86B0902D}.Debug|x64.Build.0 = Debug|x64
		{7EF66BFF-3DB6-4E9F-A07B-8C7A86B0902D}.Debug|x86.ActiveCfg = Debug|Win32
		{7EF66BFF-3DB6-4E9F-A07B-8C7A86B0902D}.Debug|x86.Build.0 = Debug|Win32
		{7EF66BFF-3DB6-4E9F-A07B-8C7A86B0902D}.Release|x64.ActiveCfg = Release|x64
		{7EF66BFF-3DB6-4E9F-A07B-8C7A86B0902D}.Release|x64.Build.0 = Release|x64
		{7EF66BFF-3DB6-4E9F-A07B-8C7A86B0902D}.Release|x86.ActiveCfg = Release|Win32
		{7EF66BFF-3DB6-4E9F-A07B-8C7A86B0902D}.Release|x86.Build.0 = Release|Win32
	EndGlobalSection
	GlobalSection(SolutionProperties) = preSolution
		HideSolutionNode = FALSE
	EndGlobalSection
EndGlobal
